Microsoft Visual Studio Solution File, Format Version 12.00
# Visual Studio Version 17
VisualStudioVersion = 17.5.2.0
MinimumVisualStudioVersion = 10.0.40219.1
Project("{2150E333-8FDC-42A3-9474-1A3956D46DE8}") = "backend-app", "backend-app", "{7654BC45-7EA3-92BF-C770-C85C236112F4}"
EndProject
Project("{FAE04EC0-301F-11D3-BF4B-00C04F79EFBC}") = "Examen_Aplicativo", "backend-app\Examen_Aplicativo\Examen_Aplicativo.csproj", "{417E8820-B1A0-F1EC-9E1C-B32366663AB7}"
EndProject
Global
	GlobalSection(SolutionConfigurationPlatforms) = preSolution
		Debug|Any CPU = Debug|Any CPU
		Release|Any CPU = Release|Any CPU
	EndGlobalSection
	GlobalSection(ProjectConfigurationPlatforms) = postSolution
		{417E8820-B1A0-F1EC-9E1C-B32366663AB7}.Debug|Any CPU.ActiveCfg = Debug|Any CPU
		{417E8820-B1A0-F1EC-9E1C-B32366663AB7}.Debug|Any CPU.Build.0 = Debug|Any CPU
		{417E8820-B1A0-F1EC-9E1C-B32366663AB7}.Release|Any CPU.ActiveCfg = Release|Any CPU
		{417E8820-B1A0-F1EC-9E1C-B32366663AB7}.Release|Any CPU.Build.0 = Release|Any CPU
	EndGlobalSection
	GlobalSection(SolutionProperties) = preSolution
		HideSolutionNode = FALSE
	EndGlobalSection
	GlobalSection(NestedProjects) = preSolution
		{417E8820-B1A0-F1EC-9E1C-B32366663AB7} = {7654BC45-7EA3-92BF-C770-C85C236112F4}
	EndGlobalSection
	GlobalSection(ExtensibilityGlobals) = postSolution
		SolutionGuid = {5A3E66EA-FD2A-4202-B286-D1E7A0352235}
	EndGlobalSection
EndGlobal
